
Microsoft Visual Studio Solution File, Format Version 12.00
# Visual Studio Version 17
VisualStudioVersion = 17.2.32630.192
MinimumVisualStudioVersion = 10.0.40219.1
Project("{FAE04EC0-301F-11D3-BF4B-00C04F79EFBC}") = "DERP.WebApi", "DERP.WebApi\DERP.WebApi.csproj", "{D7F162C5-D5A5-43D5-8BED-4FA6E7F314BD}"
EndProject
Project("{FAE04EC0-301F-11D3-BF4B-00C04F79EFBC}") = "DERP.Core", "DERP.Core\DERP.Core.csproj", "{95443F79-A981-407E-A556-A4413C0EC7F2}"
EndProject
Project("{FAE04EC0-301F-11D3-BF4B-00C04F79EFBC}") = "DERP.Domain", "DERP.Domain\DERP.Domain.csproj", "{825EF16E-FFC4-4BA0-A226-9029B80BAC29}"
EndProject
Global
	GlobalSection(SolutionConfigurationPlatforms) = preSolution
		Debug|Any CPU = Debug|Any CPU
		Release|Any CPU = Release|Any CPU
	EndGlobalSection
	GlobalSection(ProjectConfigurationPlatforms) = postSolution
		{D7F162C5-D5A5-43D5-8BED-4FA6E7F314BD}.Debug|Any CPU.ActiveCfg = Debug|Any CPU
		{D7F162C5-D5A5-43D5-8BED-4FA6E7F314BD}.Debug|Any CPU.Build.0 = Debug|Any CPU
		{D7F162C5-D5A5-43D5-8BED-4FA6E7F314BD}.Release|Any CPU.ActiveCfg = Release|Any CPU
		{D7F162C5-D5A5-43D5-8BED-4FA6E7F314BD}.Release|Any CPU.Build.0 = Release|Any CPU
		{95443F79-A981-407E-A556-A4413C0EC7F2}.Debug|Any CPU.ActiveCfg = Debug|Any CPU
		{95443F79-A981-407E-A556-A4413C0EC7F2}.Debug|Any CPU.Build.0 = Debug|Any CPU
		{95443F79-A981-407E-A556-A4413C0EC7F2}.Release|Any CPU.ActiveCfg = Release|Any CPU
		{95443F79-A981-407E-A556-A4413C0EC7F2}.Release|Any CPU.Build.0 = Release|Any CPU
		{825EF16E-FFC4-4BA0-A226-9029B80BAC29}.Debug|Any CPU.ActiveCfg = Debug|Any CPU
		{825EF16E-FFC4-4BA0-A226-9029B80BAC29}.Debug|Any CPU.Build.0 = Debug|Any CPU
		{825EF16E-FFC4-4BA0-A226-9029B80BAC29}.Release|Any CPU.ActiveCfg = Release|Any CPU
		{825EF16E-FFC4-4BA0-A226-9029B80BAC29}.Release|Any CPU.Build.0 = Release|Any CPU
	EndGlobalSection
	GlobalSection(SolutionProperties) = preSolution
		HideSolutionNode = FALSE
	EndGlobalSection
	GlobalSection(ExtensibilityGlobals) = postSolution
		SolutionGuid = {D7DD0E43-2EA8-46D4-A770-15341B7E4F8F}
	EndGlobalSection
EndGlobal
